
Microsoft Visual Studio Solution File, Format Version 12.00
# Visual Studio Version 17
VisualStudioVersion = 17.7.34031.279
MinimumVisualStudioVersion = 10.0.40219.1
Project("{FAE04EC0-301F-11D3-BF4B-00C04F79EFBC}") = "AzureTranslator", "AzureTranslator.csproj", "{DD05547F-E719-4B05-9914-7BF7E1193770}"
EndProject
Global
	GlobalSection(SolutionConfigurationPlatforms) = preSolution
		Debug|Any CPU = Debug|Any CPU
		Release|Any CPU = Release|Any CPU
	EndGlobalSection
	GlobalSection(ProjectConfigurationPlatforms) = postSolution
		{DD05547F-E719-4B05-9914-7BF7E1193770}.Debug|Any CPU.ActiveCfg = Debug|Any CPU
		{DD05547F-E719-4B05-9914-7BF7E1193770}.Debug|Any CPU.Build.0 = Debug|Any CPU
		{DD05547F-E719-4B05-9914-7BF7E1193770}.Release|Any CPU.ActiveCfg = Release|Any CPU
		{DD05547F-E719-4B05-9914-7BF7E1193770}.Release|Any CPU.Build.0 = Release|Any CPU
	EndGlobalSection
	GlobalSection(SolutionProperties) = preSolution
		HideSolutionNode = FALSE
	EndGlobalSection
	GlobalSection(ExtensibilityGlobals) = postSolution
		SolutionGuid = {0AEBDC1E-562E-4237-B0AB-13BECA0BCA9A}
	EndGlobalSection
EndGlobal
